// !$*UTF8*$!
{
	archiveVersion = 1;
	classes = {
	};
	objectVersion = 50;
	objects = {

/* Begin PBXBuildFile section */
		83E6BA2E211499CA00D5C0BA /* RNBackgroundGeolocationFirebase.m in Sources */ = {isa = PBXBuildFile; fileRef = 83E6BA2D211499CA00D5C0BA /* RNBackgroundGeolocationFirebase.m */; };
		83E6BA2F211499CA00D5C0BA /* RNBackgroundGeolocationFirebase.h in CopyFiles */ = {isa = PBXBuildFile; fileRef = 83E6BA2C211499CA00D5C0BA /* RNBackgroundGeolocationFirebase.h */; };
/* End PBXBuildFile section */

/* Begin PBXCopyFilesBuildPhase section */
		83E6BA27211499CA00D5C0BA /* CopyFiles */ = {
			isa = PBXCopyFilesBuildPhase;
			buildActionMask = 2147483647;
			dstPath = "include/$(PRODUCT_NAME)";
			dstSubfolderSpec = 16;
			files = (
				83E6BA2F211499CA00D5C0BA /* RNBackgroundGeolocationFirebase.h in CopyFiles */,
			);
			runOnlyForDeploymentPostprocessing = 0;
		};
/* End PBXCopyFilesBuildPhase section */

/* Begin PBXFileReference section */
		83E6BA29211499CA00D5C0BA /* libRNBackgroundGeolocationFirebase.a */ = {isa = PBXFileReference; explicitFileType = archive.ar; includeInIndex = 0; path = libRNBackgroundGeolocationFirebase.a; sourceTree = BUILT_PRODUCTS_DIR; };
		83E6BA2C211499CA00D5C0BA /* RNBackgroundGeolocationFirebase.h */ = {isa = PBXFileReference; lastKnownFileType = sourcecode.c.h; path = RNBackgroundGeolocationFirebase.h; sourceTree = "<group>"; };
		83E6BA2D211499CA00D5C0BA /* RNBackgroundGeolocationFirebase.m */ = {isa = PBXFileReference; lastKnownFileType = sourcecode.c.objc; path = RNBackgroundGeolocationFirebase.m; sourceTree = "<group>"; };
/* End PBXFileReference section */

/* Begin PBXFrameworksBuildPhase section */
		83E6BA26211499CA00D5C0BA /* Frameworks */ = {
			isa = PBXFrameworksBuildPhase;
			buildActionMask = 2147483647;
			files = (
			);
			runOnlyForDeploymentPostprocessing = 0;
		};
/* End PBXFrameworksBuildPhase section */

/* Begin PBXGroup section */
		83E6BA20211499CA00D5C0BA = {
			isa = PBXGroup;
			children = (
				83E6BA2B211499CA00D5C0BA /* RNBackgroundGeolocationFirebase */,
				83E6BA2A211499CA00D5C0BA /* Products */,
			);
			sourceTree = "<group>";
		};
		83E6BA2A211499CA00D5C0BA /* Products */ = {
			isa = PBXGroup;
			children = (
				83E6BA29211499CA00D5C0BA /* libRNBackgroundGeolocationFirebase.a */,
			);
			name = Products;
			sourceTree = "<group>";
		};
		83E6BA2B211499CA00D5C0BA /* RNBackgroundGeolocationFirebase */ = {
			isa = PBXGroup;
			children = (
				83E6BA2C211499CA00D5C0BA /* RNBackgroundGeolocationFirebase.h */,
				83E6BA2D211499CA00D5C0BA /* RNBackgroundGeolocationFirebase.m */,
			);
			path = RNBackgroundGeolocationFirebase;
			sourceTree = "<group>";
		};
/* End PBXGroup section */

/* Begin PBXNativeTarget section */
		83E6BA28211499CA00D5C0BA /* RNBackgroundGeolocationFirebase */ = {
			isa = PBXNativeTarget;
			buildConfigurationList = 83E6BA32211499CA00D5C0BA /* Build configuration list for PBXNativeTarget "RNBackgroundGeolocationFirebase" */;
			buildPhases = (
				83E6BA25211499CA00D5C0BA /* Sources */,
				83E6BA26211499CA00D5C0BA /* Frameworks */,
				83E6BA27211499CA00D5C0BA /* CopyFiles */,
			);
			buildRules = (
			);
			dependencies = (
			);
			name = RNBackgroundGeolocationFirebase;
			productName = RNBackgroundGeolocationFirebase;
			productReference = 83E6BA29211499CA00D5C0BA /* libRNBackgroundGeolocationFirebase.a */;
			productType = "com.apple.product-type.library.static";
		};
/* End PBXNativeTarget section */

/* Begin PBXProject section */
		83E6BA21211499CA00D5C0BA /* Project object */ = {
			isa = PBXProject;
			attributes = {
				LastUpgradeCheck = 0940;
				ORGANIZATIONNAME = "Christopher Scott";
				TargetAttributes = {
					83E6BA28211499CA00D5C0BA = {
						CreatedOnToolsVersion = 9.4.1;
					};
				};
			};
			buildConfigurationList = 83E6BA24211499CA00D5C0BA /* Build configuration list for PBXProject "RNBackgroundGeolocationFirebase" */;
			compatibilityVersion = "Xcode 9.3";
			developmentRegion = en;
			hasScannedForEncodings = 0;
			knownRegions = (
				en,
			);
			mainGroup = 83E6BA20211499CA00D5C0BA;
			productRefGroup = 83E6BA2A211499CA00D5C0BA /* Products */;
			projectDirPath = "";
			projectRoot = "";
			targets = (
				83E6BA28211499CA00D5C0BA /* RNBackgroundGeolocationFirebase */,
			);
		};
/* End PBXProject section */

/* Begin PBXSourcesBuildPhase section */
		83E6BA25211499CA00D5C0BA /* Sources */ = {
			isa = PBXSourcesBuildPhase;
			buildActionMask = 2147483647;
			files = (
				83E6BA2E211499CA00D5C0BA /* RNBackgroundGeolocationFirebase.m in Sources */,
			);
			runOnlyForDeploymentPostprocessing = 0;
		};
/* End PBXSourcesBuildPhase section */

/* Begin XCBuildConfiguration section */
		83E6BA30211499CA00D5C0BA /* Debug */ = {
			isa = XCBuildConfiguration;
			buildSettings = {
				ALWAYS_SEARCH_USER_PATHS = NO;
				CLANG_ANALYZER_NONNULL = YES;
				CLANG_ANALYZER_NUMBER_OBJECT_CONVERSION = YES_AGGRESSIVE;
				CLANG_CXX_LANGUAGE_STANDARD = "gnu++14";
				CLANG_CXX_LIBRARY = "libc++";
				CLANG_ENABLE_MODULES = YES;
				CLANG_ENABLE_OBJC_ARC = YES;
				CLANG_ENABLE_OBJC_WEAK = YES;
				CLANG_WARN_BLOCK_CAPTURE_AUTORELEASING = YES;
				CLANG_WARN_BOOL_CONVERSION = YES;
				CLANG_WARN_COMMA = YES;
				CLANG_WARN_CONSTANT_CONVERSION = YES;
				CLANG_WARN_DEPRECATED_OBJC_IMPLEMENTATIONS = YES;
				CLANG_WARN_DIRECT_OBJC_ISA_USAGE = YES_ERROR;
				CLANG_WARN_DOCUMENTATION_COMMENTS = YES;
				CLANG_WARN_EMPTY_BODY = YES;
				CLANG_WARN_ENUM_CONVERSION = YES;
				CLANG_WARN_INFINITE_RECURSION = YES;
				CLANG_WARN_INT_CONVERSION = YES;
				CLANG_WARN_NON_LITERAL_NULL_CONVERSION = YES;
				CLANG_WARN_OBJC_IMPLICIT_RETAIN_SELF = YES;
				CLANG_WARN_OBJC_LITERAL_CONVERSION = YES;
				CLANG_WARN_OBJC_ROOT_CLASS = YES_ERROR;
				CLANG_WARN_RANGE_LOOP_ANALYSIS = YES;
				CLANG_WARN_STRICT_PROTOTYPES = YES;
				CLANG_WARN_SUSPICIOUS_MOVE = YES;
				CLANG_WARN_UNGUARDED_AVAILABILITY = YES_AGGRESSIVE;
				CLANG_WARN_UNREACHABLE_CODE = YES;
				CLANG_WARN__DUPLICATE_METHOD_MATCH = YES;
				CODE_SIGN_IDENTITY = "iPhone Developer";
				COPY_PHASE_STRIP = NO;
				DEBUG_INFORMATION_FORMAT = dwarf;
				ENABLE_STRICT_OBJC_MSGSEND = YES;
				ENABLE_TESTABILITY = YES;
				GCC_C_LANGUAGE_STANDARD = gnu11;
				GCC_DYNAMIC_NO_PIC = NO;
				GCC_NO_COMMON_BLOCKS = YES;
				GCC_OPTIMIZATION_LEVEL = 0;
				GCC_PREPROCESSOR_DEFINITIONS = (
					"DEBUG=1",
					"$(inherited)",
				);
				GCC_WARN_64_TO_32_BIT_CONVERSION = YES;
				GCC_WARN_ABOUT_RETURN_TYPE = YES_ERROR;
				GCC_WARN_UNDECLARED_SELECTOR = YES;
				GCC_WARN_UNINITIALIZED_AUTOS = YES_AGGRESSIVE;
				GCC_WARN_UNUSED_FUNCTION = YES;
				GCC_WARN_UNUSED_VARIABLE = YES;
				IPHONEOS_DEPLOYMENT_TARGET = 11.4;
				MTL_ENABLE_DEBUG_INFO = YES;
				ONLY_ACTIVE_ARCH = YES;
				SDKROOT = iphoneos;
			};
			name = Debug;
		};
		83E6BA31211499CA00D5C0BA /* Release */ = {
			isa = XCBuildConfiguration;
			buildSettings = {
				ALWAYS_SEARCH_USER_PATHS = NO;
				CLANG_ANALYZER_NONNULL = YES;
				CLANG_ANALYZER_NUMBER_OBJECT_CONVERSION = YES_AGGRESSIVE;
				CLANG_CXX_LANGUAGE_STANDARD = "gnu++14";
				CLANG_CXX_LIBRARY = "libc++";
				CLANG_ENABLE_MODULES = YES;
				CLANG_ENABLE_OBJC_ARC = YES;
				CLANG_ENABLE_OBJC_WEAK = YES;
				CLANG_WARN_BLOCK_CAPTURE_AUTORELEASING = YES;
				CLANG_WARN_BOOL_CONVERSION = YES;
				CLANG_WARN_COMMA = YES;
				CLANG_WARN_CONSTANT_CONVERSION = YES;
				CLANG_WARN_DEPRECATED_OBJC_IMPLEMENTATIONS = YES;
				CLANG_WARN_DIRECT_OBJC_ISA_USAGE = YES_ERROR;
				CLANG_WARN_DOCUMENTATION_COMMENTS = YES;
				CLANG_WARN_EMPTY_BODY = YES;
				CLANG_WARN_ENUM_CONVERSION = YES;
				CLANG_WARN_INFINITE_RECURSION = YES;
				CLANG_WARN_INT_CONVERSION = YES;
				CLANG_WARN_NON_LITERAL_NULL_CONVERSION = YES;
				CLANG_WARN_OBJC_IMPLICIT_RETAIN_SELF = YES;
				CLANG_WARN_OBJC_LITERAL_CONVERSION = YES;
				CLANG_WARN_OBJC_ROOT_CLASS = YES_ERROR;
				CLANG_WARN_RANGE_LOOP_ANALYSIS = YES;
				CLANG_WARN_STRICT_PROTOTYPES = YES;
				CLANG_WARN_SUSPICIOUS_MOVE = YES;
				CLANG_WARN_UNGUARDED_AVAILABILITY = YES_AGGRESSIVE;
				CLANG_WARN_UNREACHABLE_CODE = YES;
				CLANG_WARN__DUPLICATE_METHOD_MATCH = YES;
				CODE_SIGN_IDENTITY = "iPhone Developer";
				COPY_PHASE_STRIP = NO;
				DEBUG_INFORMATION_FORMAT = "dwarf-with-dsym";
				ENABLE_NS_ASSERTIONS = NO;
				ENABLE_STRICT_OBJC_MSGSEND = YES;
				GCC_C_LANGUAGE_STANDARD = gnu11;
				GCC_NO_COMMON_BLOCKS = YES;
				GCC_WARN_64_TO_32_BIT_CONVERSION = YES;
				GCC_WARN_ABOUT_RETURN_TYPE = YES_ERROR;
				GCC_WARN_UNDECLARED_SELECTOR = YES;
				GCC_WARN_UNINITIALIZED_AUTOS = YES_AGGRESSIVE;
				GCC_WARN_UNUSED_FUNCTION = YES;
				GCC_WARN_UNUSED_VARIABLE = YES;
				IPHONEOS_DEPLOYMENT_TARGET = 11.4;
				MTL_ENABLE_DEBUG_INFO = NO;
				SDKROOT = iphoneos;
				VALIDATE_PRODUCT = YES;
			};
			name = Release;
		};
		83E6BA33211499CA00D5C0BA /* Debug */ = {
			isa = XCBuildConfiguration;
			buildSettings = {
				CODE_SIGN_STYLE = Automatic;
				DEVELOPMENT_TEAM = 32A636YFGZ;
				OTHER_LDFLAGS = "-ObjC";
				PRODUCT_NAME = "$(TARGET_NAME)";
				SKIP_INSTALL = YES;
				TARGETED_DEVICE_FAMILY = "1,2";
			};
			name = Debug;
		};
		83E6BA34211499CA00D5C0BA /* Release */ = {
			isa = XCBuildConfiguration;
			buildSettings = {
				CODE_SIGN_STYLE = Automatic;
				DEVELOPMENT_TEAM = 32A636YFGZ;
				OTHER_LDFLAGS = "-ObjC";
				PRODUCT_NAME = "$(TARGET_NAME)";
				SKIP_INSTALL = YES;
				TARGETED_DEVICE_FAMILY = "1,2";
			};
			name = Release;
		};
/* End XCBuildConfiguration section */

/* Begin XCConfigurationList section */
		83E6BA24211499CA00D5C0BA /* Build configuration list for PBXProject "RNBackgroundGeolocationFirebase" */ = {
			isa = XCConfigurationList;
			buildConfigurations = (
				83E6BA30211499CA00D5C0BA /* Debug */,
				83E6BA31211499CA00D5C0BA /* Release */,
			);
			defaultConfigurationIsVisible = 0;
			defaultConfigurationName = Release;
		};
		83E6BA32211499CA00D5C0BA /* Build configuration list for PBXNativeTarget "RNBackgroundGeolocationFirebase" */ = {
			isa = XCConfigurationList;
			buildConfigurations = (
				83E6BA33211499CA00D5C0BA /* Debug */,
				83E6BA34211499CA00D5C0BA /* Release */,
			);
			defaultConfigurationIsVisible = 0;
			defaultConfigurationName = Release;
		};
/* End XCConfigurationList section */
	};
	rootObject = 83E6BA21211499CA00D5C0BA /* Project object */;
}
